
Microsoft Visual Studio Solution File, Format Version 12.00
# Visual Studio Version 17
VisualStudioVersion = 17.8.34330.188
MinimumVisualStudioVersion = 10.0.40219.1
Project("{9A19103F-16F7-4668-BE54-9A1E7A4F7556}") = "AuditLog", "AuditLog\AuditLog.csproj", "{F2C5F8B8-60E8-44D2-87B5-06E2539FA905}"
EndProject
Project("{9A19103F-16F7-4668-BE54-9A1E7A4F7556}") = "_build", "build\_build.csproj", "{0C5024D9-573B-4F9D-A701-66A863E67519}"
EndProject
Project("{FAE04EC0-301F-11D3-BF4B-00C04F79EFBC}") = "AuditLog.Tests", "AuditLog.Tests\AuditLog.Tests.csproj", "{D070DFF7-97AD-A8A5-29FB-BB8EA3FC57CA}"
EndProject
Global
	GlobalSection(SolutionConfigurationPlatforms) = preSolution
		Debug|Any CPU = Debug|Any CPU
		Release|Any CPU = Release|Any CPU
	EndGlobalSection
	GlobalSection(ProjectConfigurationPlatforms) = postSolution
		{F2C5F8B8-60E8-44D2-87B5-06E2539FA905}.Debug|Any CPU.ActiveCfg = Debug|Any CPU
		{F2C5F8B8-60E8-44D2-87B5-06E2539FA905}.Debug|Any CPU.Build.0 = Debug|Any CPU
		{F2C5F8B8-60E8-44D2-87B5-06E2539FA905}.Release|Any CPU.ActiveCfg = Release|Any CPU
		{F2C5F8B8-60E8-44D2-87B5-06E2539FA905}.Release|Any CPU.Build.0 = Release|Any CPU
		{0C5024D9-573B-4F9D-A701-66A863E67519}.Debug|Any CPU.ActiveCfg = Debug|Any CPU
		{0C5024D9-573B-4F9D-A701-66A863E67519}.Debug|Any CPU.Build.0 = Debug|Any CPU
		{0C5024D9-573B-4F9D-A701-66A863E67519}.Release|Any CPU.ActiveCfg = Release|Any CPU
		{0C5024D9-573B-4F9D-A701-66A863E67519}.Release|Any CPU.Build.0 = Release|Any CPU
		{D070DFF7-97AD-A8A5-29FB-BB8EA3FC57CA}.Debug|Any CPU.ActiveCfg = Debug|Any CPU
		{D070DFF7-97AD-A8A5-29FB-BB8EA3FC57CA}.Debug|Any CPU.Build.0 = Debug|Any CPU
		{D070DFF7-97AD-A8A5-29FB-BB8EA3FC57CA}.Release|Any CPU.ActiveCfg = Release|Any CPU
		{D070DFF7-97AD-A8A5-29FB-BB8EA3FC57CA}.Release|Any CPU.Build.0 = Release|Any CPU
	EndGlobalSection
	GlobalSection(SolutionProperties) = preSolution
		HideSolutionNode = FALSE
	EndGlobalSection
	GlobalSection(ExtensibilityGlobals) = postSolution
		SolutionGuid = {D29FBB7E-5AA2-43D1-9A1B-ADE71854A444}
	EndGlobalSection
EndGlobal
